lockfileVersion: '9.0'

settings:
  autoInstallPeers: true
  excludeLinksFromLockfile: false

importers:

  .:
    dependencies:
      '@org/shared':
        specifier: workspace:*
        version: link:../../libs/shared
      dicom-parser:
        specifier: ^1.8.21
        version: 1.8.21

packages:

  dicom-parser@1.8.21:
    resolution: {integrity: sha512-lYCweHQDsC8UFpXErPlg86Px2A8bay0HiUY+wzoG3xv5GzgqVHU3lziwSc/Gzn7VV7y2KeP072SzCviuOoU02w==}

snapshots:

  dicom-parser@1.8.21: {}
